
Microsoft Visual Studio Solution File, Format Version 12.00
# Visual Studio Version 17
VisualStudioVersion = 17.14.36930.0 d17.14
MinimumVisualStudioVersion = 10.0.40219.1
Project("{8BC9CEB8-8B4A-11D0-8D11-00A0C91BC942}") = "ConsoleApplication1", "ConsoleApplication1\ConsoleApplication1.vcxproj", "{0600A209-91A8-4E53-A291-4A04A0718A9B}"
EndProject
Global
	GlobalSection(SolutionConfigurationPlatforms) = preSolution
		Debug|x64 = Debug|x64
		Debug|x86 = Debug|x86
		Release|x64 = Release|x64
		Release|x86 = Release|x86
	EndGlobalSection
	GlobalSection(ProjectConfigurationPlatforms) = postSolution
		{0600A209-91A8-4E53-A291-4A04A0718A9B}.Debug|x64.ActiveCfg = Debug|x64
		{0600A209-91A8-4E53-A291-4A04A0718A9B}.Debug|x64.Build.0 = Debug|x64
		{0600A209-91A8-4E53-A291-4A04A0718A9B}.Debug|x86.ActiveCfg = Debug|Win32
		{0600A209-91A8-4E53-A291-4A04A0718A9B}.Debug|x86.Build.0 = Debug|Win32
		{0600A209-91A8-4E53-A291-4A04A0718A9B}.Release|x64.ActiveCfg = Release|x64
		{0600A209-91A8-4E53-A291-4A04A0718A9B}.Release|x64.Build.0 = Release|x64
		{0600A209-91A8-4E53-A291-4A04A0718A9B}.Release|x86.ActiveCfg = Release|Win32
		{0600A209-91A8-4E53-A291-4A04A0718A9B}.Release|x86.Build.0 = Release|Win32
	EndGlobalSection
	GlobalSection(SolutionProperties) = preSolution
		HideSolutionNode = FALSE
	EndGlobalSection
	GlobalSection(ExtensibilityGlobals) = postSolution
		SolutionGuid = {4E41FA4B-374A-4D65-B93A-CC9CFAC63DDA}
	EndGlobalSection
EndGlobal
